
Microsoft Visual Studio Solution File, Format Version 12.00
# Visual Studio 2015
Project("{FAE04EC0-301F-11D3-BF4B-00C04F79EFBC}") = "UnityFacewareLive", "UnityFacewareLive.csproj", "{830286C0-C379-A53D-88E7-672CD9E4AA2B}"
EndProject
Project("{FAE04EC0-301F-11D3-BF4B-00C04F79EFBC}") = "UnityFacewareLive.Editor", "UnityFacewareLive.Editor.csproj", "{DB4AA4AC-7EDA-655A-B10B-4E68A5D1EDC2}"
EndProject
Global
	GlobalSection(SolutionConfigurationPlatforms) = preSolution
		Debug|Any CPU = Debug|Any CPU
		Release|Any CPU = Release|Any CPU
	EndGlobalSection
	GlobalSection(ProjectConfigurationPlatforms) = postSolution
		{830286C0-C379-A53D-88E7-672CD9E4AA2B}.Debug|Any CPU.ActiveCfg = Debug|Any CPU
		{830286C0-C379-A53D-88E7-672CD9E4AA2B}.Debug|Any CPU.Build.0 = Debug|Any CPU
		{830286C0-C379-A53D-88E7-672CD9E4AA2B}.Release|Any CPU.ActiveCfg = Release|Any CPU
		{830286C0-C379-A53D-88E7-672CD9E4AA2B}.Release|Any CPU.Build.0 = Release|Any CPU
		{DB4AA4AC-7EDA-655A-B10B-4E68A5D1EDC2}.Debug|Any CPU.ActiveCfg = Debug|Any CPU
		{DB4AA4AC-7EDA-655A-B10B-4E68A5D1EDC2}.Debug|Any CPU.Build.0 = Debug|Any CPU
		{DB4AA4AC-7EDA-655A-B10B-4E68A5D1EDC2}.Release|Any CPU.ActiveCfg = Release|Any CPU
		{DB4AA4AC-7EDA-655A-B10B-4E68A5D1EDC2}.Release|Any CPU.Build.0 = Release|Any CPU
	EndGlobalSection
	GlobalSection(SolutionProperties) = preSolution
		HideSolutionNode = FALSE
	EndGlobalSection
EndGlobal
